
Microsoft Visual Studio Solution File, Format Version 12.00
# Visual Studio Version 17
VisualStudioVersion = 17.3.32929.385
MinimumVisualStudioVersion = 10.0.40219.1
Project("{FAE04EC0-301F-11D3-BF4B-00C04F79EFBC}") = "ConsoleApp1", "ConsoleApp1\ConsoleApp1.csproj", "{67FC63F8-334C-4CA5-8E33-5C51FE7D0DF5}"
EndProject
Global
	GlobalSection(SolutionConfigurationPlatforms) = preSolution
		Debug|Any CPU = Debug|Any CPU
		Release|Any CPU = Release|Any CPU
	EndGlobalSection
	GlobalSection(ProjectConfigurationPlatforms) = postSolution
		{67FC63F8-334C-4CA5-8E33-5C51FE7D0DF5}.Debug|Any CPU.ActiveCfg = Debug|Any CPU
		{67FC63F8-334C-4CA5-8E33-5C51FE7D0DF5}.Debug|Any CPU.Build.0 = Debug|Any CPU
		{67FC63F8-334C-4CA5-8E33-5C51FE7D0DF5}.Release|Any CPU.ActiveCfg = Release|Any CPU
		{67FC63F8-334C-4CA5-8E33-5C51FE7D0DF5}.Release|Any CPU.Build.0 = Release|Any CPU
	EndGlobalSection
	GlobalSection(SolutionProperties) = preSolution
		HideSolutionNode = FALSE
	EndGlobalSection
	GlobalSection(ExtensibilityGlobals) = postSolution
		SolutionGuid = {E87604F3-A562-4D17-AFF4-6D07241D5F7E}
	EndGlobalSection
EndGlobal
